{
  "version": 4,
  "terraform_version": "1.0.0",
  "serial": 8,
  "lineage": "8eb973cb-4520-c3be-f4e1-9d0a4d8b64b0",
  "outputs": {
    "external_ip_address_vm_1": {
      "value": "178.154.224.122",
      "type": "string"
    },
    "external_ip_address_vm_2": {
      "value": "178.154.226.23",
      "type": "string"
    },
    "external_ip_address_vm_3": {
      "value": "178.154.227.11",
      "type": "string"
    },
    "internal_ip_address_vm_1": {
      "value": "192.168.10.5",
      "type": "string"
    },
    "internal_ip_address_vm_2": {
      "value": "192.168.10.34",
      "type": "string"
    },
    "internal_ip_address_vm_3": {
      "value": "192.168.10.21",
      "type": "string"
    }
  },
  "resources": [
    {
      "mode": "managed",
      "type": "local_file",
      "name": "AnsibleInventory",
      "provider": "provider[\"registry.terraform.io/hashicorp/local\"]",
      "instances": [
        {
          "schema_version": 0,
          "attributes": {
            "content": "[jenkins]\n178.154.227.11\n[production]\n178.154.224.122\n[stating]\n178.154.226.23",
            "content_base64": null,
            "directory_permission": "0777",
            "file_permission": "0777",
            "filename": "./inventory.yml",
            "id": "007f9a1aa9de98d232543f64052588ca1f887775",
            "sensitive_content": null,
            "source": null
          },
          "sensitive_attributes": [],
          "private": "bnVsbA==",
          "dependencies": [
            "yandex_compute_instance.vm-1",
            "yandex_compute_instance.vm-2",
            "yandex_compute_instance.vm-3",
            "yandex_vpc_network.network-1",
            "yandex_vpc_subnet.subnet-1"
          ]
        }
      ]
    },
    {
      "mode": "managed",
      "type": "null_resource",
      "name": "ansible",
      "provider": "provider[\"registry.terraform.io/hashicorp/null\"]",
      "instances": [
        {
          "schema_version": 0,
          "attributes": {
            "id": "2122161328866822591",
            "triggers": null
          },
          "sensitive_attributes": [],
          "private": "bnVsbA==",
          "dependencies": [
            "local_file.AnsibleInventory",
            "yandex_compute_instance.vm-1",
            "yandex_compute_instance.vm-2",
            "yandex_compute_instance.vm-3",
            "yandex_vpc_network.network-1",
            "yandex_vpc_subnet.subnet-1"
          ]
        }
      ]
    },
    {
      "mode": "managed",
      "type": "yandex_compute_instance",
      "name": "vm-1",
      "provider": "provider[\"registry.terraform.io/yandex-cloud/yandex\"]",
      "instances": [
        {
          "schema_version": 1,
          "attributes": {
            "allow_stopping_for_update": null,
            "boot_disk": [
              {
                "auto_delete": true,
                "device_name": "fhm7lvvno4c8ms7e4pub",
                "disk_id": "fhm7lvvno4c8ms7e4pub",
                "initialize_params": [
                  {
                    "description": "",
                    "image_id": "fd83869rbingor0in0ui",
                    "name": "",
                    "size": 8,
                    "snapshot_id": "",
                    "type": "network-hdd"
                  }
                ],
                "mode": "READ_WRITE"
              }
            ],
            "created_at": "2021-06-24T03:31:34Z",
            "description": "",
            "folder_id": "b1gah9daaqvrbcism5fa",
            "fqdn": "fhmfmhioigmm0g8d7bel.auto.internal",
            "hostname": "fhmfmhioigmm0g8d7bel",
            "id": "fhmfmhioigmm0g8d7bel",
            "labels": null,
            "metadata": {
              "user-data": "#cloud-config\nusers:\n  - name: dmik\n    groups: sudo\n    shell: /bin/bash\n    sudo: ['ALL=(ALL) NOPASSWD:ALL']\n    ssh-authorized-keys:\n      - ssh-rsa AAAAB3NzaC1yc2EAAAADAQABAAABAQCok70OztMXnrsvM42uinLQ6N4ZmdvsXuaWKiZJgl3+Ak7Y/2zf5mVbKHdr8q/+G+UdxhowgxahMsKOJmjtmvoUfXKXN2X4E0TY1GGFX4JegAszOLBJ4RploeFz30+kbkO+xDP/sT2AqUv6zNDrYy78UzQPWnurifF3y6aZ5TZRXcwwlfemJA8d3pA+ZnXL3lQBJWOa8dQl+uR5qndtTlOSofsnNdMB1AKmj/uwsTvTU8yUwvyLBN/U2bvjMRMUD6x/IAV4nz6lscnEE5BFUG/wKdYgP3xiTxfTE76Ar6HOpa3qq/cLUS5GW+jhMleLpGb7Y67F29Ugib+nFW5w9sZP dmik@production\n"
            },
            "name": "production",
            "network_acceleration_type": "standard",
            "network_interface": [
              {
                "dns_record": [],
                "index": 0,
                "ip_address": "192.168.10.5",
                "ipv4": true,
                "ipv6": false,
                "ipv6_address": "",
                "ipv6_dns_record": [],
                "mac_address": "d0:0d:fb:46:58:94",
                "nat": true,
                "nat_dns_record": [],
                "nat_ip_address": "178.154.224.122",
                "nat_ip_version": "IPV4",
                "security_group_ids": [],
                "subnet_id": "e9bjjcoof1ndpdh7a78m"
              }
            ],
            "placement_policy": [
              {
                "placement_group_id": ""
              }
            ],
            "platform_id": "standard-v1",
            "resources": [
              {
                "core_fraction": 20,
                "cores": 2,
                "gpus": 0,
                "memory": 2
              }
            ],
            "scheduling_policy": [
              {
                "preemptible": false
              }
            ],
            "secondary_disk": [],
            "service_account_id": "",
            "status": "running",
            "timeouts": null,
            "zone": "ru-central1-a"
          },
          "sensitive_attributes": [],
          "private": "eyJlMmJmYjczMC1lY2FhLTExZTYtOGY4OC0zNDM2M2JjN2M0YzAiOnsiY3JlYXRlIjozMDAwMDAwMDAwMDAsImRlbGV0ZSI6MzAwMDAwMDAwMDAwLCJ1cGRhdGUiOjMwMDAwMDAwMDAwMH0sInNjaGVtYV92ZXJzaW9uIjoiMSJ9",
          "dependencies": [
            "yandex_vpc_network.network-1",
            "yandex_vpc_subnet.subnet-1"
          ]
        }
      ]
    },
    {
      "mode": "managed",
      "type": "yandex_compute_instance",
      "name": "vm-2",
      "provider": "provider[\"registry.terraform.io/yandex-cloud/yandex\"]",
      "instances": [
        {
          "schema_version": 1,
          "attributes": {
            "allow_stopping_for_update": null,
            "boot_disk": [
              {
                "auto_delete": true,
                "device_name": "fhm5cepocokhp9om7e1u",
                "disk_id": "fhm5cepocokhp9om7e1u",
                "initialize_params": [
                  {
                    "description": "",
                    "image_id": "fd83869rbingor0in0ui",
                    "name": "",
                    "size": 8,
                    "snapshot_id": "",
                    "type": "network-hdd"
                  }
                ],
                "mode": "READ_WRITE"
              }
            ],
            "created_at": "2021-06-24T03:31:34Z",
            "description": "",
            "folder_id": "b1gah9daaqvrbcism5fa",
            "fqdn": "fhm7dkcc8j3h3meipipd.auto.internal",
            "hostname": "fhm7dkcc8j3h3meipipd",
            "id": "fhm7dkcc8j3h3meipipd",
            "labels": null,
            "metadata": {
              "user-data": "#cloud-config\nusers:\n  - name: dmik\n    groups: sudo\n    shell: /bin/bash\n    sudo: ['ALL=(ALL) NOPASSWD:ALL']\n    ssh-authorized-keys:\n      - ssh-rsa AAAAB3NzaC1yc2EAAAADAQABAAABAQCok70OztMXnrsvM42uinLQ6N4ZmdvsXuaWKiZJgl3+Ak7Y/2zf5mVbKHdr8q/+G+UdxhowgxahMsKOJmjtmvoUfXKXN2X4E0TY1GGFX4JegAszOLBJ4RploeFz30+kbkO+xDP/sT2AqUv6zNDrYy78UzQPWnurifF3y6aZ5TZRXcwwlfemJA8d3pA+ZnXL3lQBJWOa8dQl+uR5qndtTlOSofsnNdMB1AKmj/uwsTvTU8yUwvyLBN/U2bvjMRMUD6x/IAV4nz6lscnEE5BFUG/wKdYgP3xiTxfTE76Ar6HOpa3qq/cLUS5GW+jhMleLpGb7Y67F29Ugib+nFW5w9sZP dmik@stating\n"
            },
            "name": "stating",
            "network_acceleration_type": "standard",
            "network_interface": [
              {
                "dns_record": [],
                "index": 0,
                "ip_address": "192.168.10.34",
                "ipv4": true,
                "ipv6": false,
                "ipv6_address": "",
                "ipv6_dns_record": [],
                "mac_address": "d0:0d:76:d1:8c:44",
                "nat": true,
                "nat_dns_record": [],
                "nat_ip_address": "178.154.226.23",
                "nat_ip_version": "IPV4",
                "security_group_ids": [],
                "subnet_id": "e9bjjcoof1ndpdh7a78m"
              }
            ],
            "placement_policy": [
              {
                "placement_group_id": ""
              }
            ],
            "platform_id": "standard-v1",
            "resources": [
              {
                "core_fraction": 20,
                "cores": 2,
                "gpus": 0,
                "memory": 2
              }
            ],
            "scheduling_policy": [
              {
                "preemptible": false
              }
            ],
            "secondary_disk": [],
            "service_account_id": "",
            "status": "running",
            "timeouts": null,
            "zone": "ru-central1-a"
          },
          "sensitive_attributes": [],
          "private": "eyJlMmJmYjczMC1lY2FhLTExZTYtOGY4OC0zNDM2M2JjN2M0YzAiOnsiY3JlYXRlIjozMDAwMDAwMDAwMDAsImRlbGV0ZSI6MzAwMDAwMDAwMDAwLCJ1cGRhdGUiOjMwMDAwMDAwMDAwMH0sInNjaGVtYV92ZXJzaW9uIjoiMSJ9",
          "dependencies": [
            "yandex_vpc_network.network-1",
            "yandex_vpc_subnet.subnet-1"
          ]
        }
      ]
    },
    {
      "mode": "managed",
      "type": "yandex_compute_instance",
      "name": "vm-3",
      "provider": "provider[\"registry.terraform.io/yandex-cloud/yandex\"]",
      "instances": [
        {
          "schema_version": 1,
          "attributes": {
            "allow_stopping_for_update": null,
            "boot_disk": [
              {
                "auto_delete": true,
                "device_name": "fhm9r4n1hetjahp15p8s",
                "disk_id": "fhm9r4n1hetjahp15p8s",
                "initialize_params": [
                  {
                    "description": "",
                    "image_id": "fd83869rbingor0in0ui",
                    "name": "",
                    "size": 8,
                    "snapshot_id": "",
                    "type": "network-hdd"
                  }
                ],
                "mode": "READ_WRITE"
              }
            ],
            "created_at": "2021-06-24T03:31:34Z",
            "description": "",
            "folder_id": "b1gah9daaqvrbcism5fa",
            "fqdn": "fhmk34h8io0gbdvnmn7r.auto.internal",
            "hostname": "fhmk34h8io0gbdvnmn7r",
            "id": "fhmk34h8io0gbdvnmn7r",
            "labels": null,
            "metadata": {
              "user-data": "#cloud-config\nusers:\n  - name: dmik\n    groups: sudo\n    shell: /bin/bash\n    sudo: ['ALL=(ALL) NOPASSWD:ALL']\n    ssh-authorized-keys:\n      - ssh-rsa AAAAB3NzaC1yc2EAAAADAQABAAABAQCok70OztMXnrsvM42uinLQ6N4ZmdvsXuaWKiZJgl3+Ak7Y/2zf5mVbKHdr8q/+G+UdxhowgxahMsKOJmjtmvoUfXKXN2X4E0TY1GGFX4JegAszOLBJ4RploeFz30+kbkO+xDP/sT2AqUv6zNDrYy78UzQPWnurifF3y6aZ5TZRXcwwlfemJA8d3pA+ZnXL3lQBJWOa8dQl+uR5qndtTlOSofsnNdMB1AKmj/uwsTvTU8yUwvyLBN/U2bvjMRMUD6x/IAV4nz6lscnEE5BFUG/wKdYgP3xiTxfTE76Ar6HOpa3qq/cLUS5GW+jhMleLpGb7Y67F29Ugib+nFW5w9sZP dmik@Jenkins_CI\n"
            },
            "name": "jenkins",
            "network_acceleration_type": "standard",
            "network_interface": [
              {
                "dns_record": [],
                "index": 0,
                "ip_address": "192.168.10.21",
                "ipv4": true,
                "ipv6": false,
                "ipv6_address": "",
                "ipv6_dns_record": [],
                "mac_address": "d0:0d:14:19:22:89",
                "nat": true,
                "nat_dns_record": [],
                "nat_ip_address": "178.154.227.11",
                "nat_ip_version": "IPV4",
                "security_group_ids": [],
                "subnet_id": "e9bjjcoof1ndpdh7a78m"
              }
            ],
            "placement_policy": [
              {
                "placement_group_id": ""
              }
            ],
            "platform_id": "standard-v1",
            "resources": [
              {
                "core_fraction": 20,
                "cores": 2,
                "gpus": 0,
                "memory": 2
              }
            ],
            "scheduling_policy": [
              {
                "preemptible": false
              }
            ],
            "secondary_disk": [],
            "service_account_id": "",
            "status": "running",
            "timeouts": null,
            "zone": "ru-central1-a"
          },
          "sensitive_attributes": [],
          "private": "eyJlMmJmYjczMC1lY2FhLTExZTYtOGY4OC0zNDM2M2JjN2M0YzAiOnsiY3JlYXRlIjozMDAwMDAwMDAwMDAsImRlbGV0ZSI6MzAwMDAwMDAwMDAwLCJ1cGRhdGUiOjMwMDAwMDAwMDAwMH0sInNjaGVtYV92ZXJzaW9uIjoiMSJ9",
          "dependencies": [
            "yandex_vpc_network.network-1",
            "yandex_vpc_subnet.subnet-1"
          ]
        }
      ]
    },
    {
      "mode": "managed",
      "type": "yandex_vpc_network",
      "name": "network-1",
      "provider": "provider[\"registry.terraform.io/yandex-cloud/yandex\"]",
      "instances": [
        {
          "schema_version": 0,
          "attributes": {
            "created_at": "2021-06-24T03:31:31Z",
            "default_security_group_id": "",
            "description": "",
            "folder_id": "b1gah9daaqvrbcism5fa",
            "id": "enp6j2u7d72p4qo2pivg",
            "labels": null,
            "name": "network1",
            "subnet_ids": [],
            "timeouts": null
          },
          "sensitive_attributes": [],
          "private": "eyJlMmJmYjczMC1lY2FhLTExZTYtOGY4OC0zNDM2M2JjN2M0YzAiOnsiY3JlYXRlIjo2MDAwMDAwMDAwMCwiZGVsZXRlIjo2MDAwMDAwMDAwMCwidXBkYXRlIjo2MDAwMDAwMDAwMH19"
        }
      ]
    },
    {
      "mode": "managed",
      "type": "yandex_vpc_subnet",
      "name": "subnet-1",
      "provider": "provider[\"registry.terraform.io/yandex-cloud/yandex\"]",
      "instances": [
        {
          "schema_version": 0,
          "attributes": {
            "created_at": "2021-06-24T03:31:32Z",
            "description": "",
            "dhcp_options": [],
            "folder_id": "b1gah9daaqvrbcism5fa",
            "id": "e9bjjcoof1ndpdh7a78m",
            "labels": null,
            "name": "subnet1",
            "network_id": "enp6j2u7d72p4qo2pivg",
            "route_table_id": "",
            "timeouts": null,
            "v4_cidr_blocks": [
              "192.168.10.0/24"
            ],
            "v6_cidr_blocks": [],
            "zone": "ru-central1-a"
          },
          "sensitive_attributes": [],
          "private": "eyJlMmJmYjczMC1lY2FhLTExZTYtOGY4OC0zNDM2M2JjN2M0YzAiOnsiY3JlYXRlIjoxODAwMDAwMDAwMDAsImRlbGV0ZSI6MTgwMDAwMDAwMDAwLCJ1cGRhdGUiOjE4MDAwMDAwMDAwMH19",
          "dependencies": [
            "yandex_vpc_network.network-1"
          ]
        }
      ]
    }
  ]
}
